
Microsoft Visual Studio Solution File, Format Version 12.00
# Visual Studio 15
VisualStudioVersion = 15.0.27004.2006
MinimumVisualStudioVersion = 10.0.40219.1
Project("{9A19103F-16F7-4668-BE54-9A1E7A4F7556}") = "ListProcessing", "ListProcessing.csproj", "{DE790956-6FE2-4FD9-8052-844D5A6E1F5B}"
EndProject
Global
	GlobalSection(SolutionConfigurationPlatforms) = preSolution
		Debug|Any CPU = Debug|Any CPU
		Release|Any CPU = Release|Any CPU
	EndGlobalSection
	GlobalSection(ProjectConfigurationPlatforms) = postSolution
		{DE790956-6FE2-4FD9-8052-844D5A6E1F5B}.Debug|Any CPU.ActiveCfg = Debug|Any CPU
		{DE790956-6FE2-4FD9-8052-844D5A6E1F5B}.Debug|Any CPU.Build.0 = Debug|Any CPU
		{DE790956-6FE2-4FD9-8052-844D5A6E1F5B}.Release|Any CPU.ActiveCfg = Release|Any CPU
		{DE790956-6FE2-4FD9-8052-844D5A6E1F5B}.Release|Any CPU.Build.0 = Release|Any CPU
	EndGlobalSection
	GlobalSection(SolutionProperties) = preSolution
		HideSolutionNode = FALSE
	EndGlobalSection
	GlobalSection(ExtensibilityGlobals) = postSolution
		SolutionGuid = {687F5C69-8918-4A55-8924-C95129B8B3DF}
	EndGlobalSection
EndGlobal
